// !$*UTF8*$!
{
	archiveVersion = 1;
	classes = {
	};
	objectVersion = 56;
	objects = {

/* Begin PBXBuildFile section */
		90079EBF293E780A00F0C5AB /* main.m in Sources */ = {isa = PBXBuildFile; fileRef = 90079EBE293E780A00F0C5AB /* main.m */; };
		90079EC7293E786B00F0C5AB /* MachPortsServer.m in Sources */ = {isa = PBXBuildFile; fileRef = 90079EC6293E786B00F0C5AB /* MachPortsServer.m */; };
		9007A01C293FA62E00F0C5AB /* DataManager.m in Sources */ = {isa = PBXBuildFile; fileRef = 9007A01B293FA62E00F0C5AB /* DataManager.m */; };
		9007A0262940F92900F0C5AB /* UnitTestLogicComponents.m in Sources */ = {isa = PBXBuildFile; fileRef = 9007A0252940F92900F0C5AB /* UnitTestLogicComponents.m */; };
		9007A02D2940FE4500F0C5AB /* MessageHandler.m in Sources */ = {isa = PBXBuildFile; fileRef = 9007A02C2940FE4500F0C5AB /* MessageHandler.m */; };
		9007A032294103BB00F0C5AB /* MessageHandler.m in Sources */ = {isa = PBXBuildFile; fileRef = 9007A02C2940FE4500F0C5AB /* MessageHandler.m */; };
		9007A033294103BE00F0C5AB /* DataManager.m in Sources */ = {isa = PBXBuildFile; fileRef = 9007A01B293FA62E00F0C5AB /* DataManager.m */; };
		9007A03829413A3000F0C5AB /* ServiceManager.m in Sources */ = {isa = PBXBuildFile; fileRef = 9007A03729413A3000F0C5AB /* ServiceManager.m */; };
		9007A03B2941420000F0C5AB /* Correspondent.m in Sources */ = {isa = PBXBuildFile; fileRef = 9007A03A2941420000F0C5AB /* Correspondent.m */; };
		9007A040294284C400F0C5AB /* ValidationHandler.m in Sources */ = {isa = PBXBuildFile; fileRef = 9007A03F294284C400F0C5AB /* ValidationHandler.m */; };
		9007A0422942955F00F0C5AB /* ValidationHandler.m in Sources */ = {isa = PBXBuildFile; fileRef = 9007A03F294284C400F0C5AB /* ValidationHandler.m */; };
		90D1DE0B2943F6FF00F92CF0 /* MachServer.m in Sources */ = {isa = PBXBuildFile; fileRef = 90D1DE0A2943F6FF00F92CF0 /* MachServer.m */; };
		90D1DE102943F76A00F92CF0 /* MachClient.m in Sources */ = {isa = PBXBuildFile; fileRef = 90D1DE0F2943F76A00F92CF0 /* MachClient.m */; };
		90D1DE1429441E5B00F92CF0 /* PortHandler.m in Sources */ = {isa = PBXBuildFile; fileRef = 90D1DE1329441E5B00F92CF0 /* PortHandler.m */; };
		90D1DE1529441F9D00F92CF0 /* PortHandler.m in Sources */ = {isa = PBXBuildFile; fileRef = 90D1DE1329441E5B00F92CF0 /* PortHandler.m */; };
		90D1DE192944B6B600F92CF0 /* NSMutableDictionaryWrapper.m in Sources */ = {isa = PBXBuildFile; fileRef = 90D1DE182944B6B500F92CF0 /* NSMutableDictionaryWrapper.m */; };
		90D1DE1B2944CEA200F92CF0 /* NSMutableDictionaryWrapper.m in Sources */ = {isa = PBXBuildFile; fileRef = 90D1DE182944B6B500F92CF0 /* NSMutableDictionaryWrapper.m */; };
/* End PBXBuildFile section */

/* Begin PBXCopyFilesBuildPhase section */
		90079EB9293E780A00F0C5AB /* CopyFiles */ = {
			isa = PBXCopyFilesBuildPhase;
			buildActionMask = 2147483647;
			dstPath = /usr/share/man/man1/;
			dstSubfolderSpec = 0;
			files = (
			);
			runOnlyForDeploymentPostprocessing = 1;
		};
/* End PBXCopyFilesBuildPhase section */

/* Begin PBXFileReference section */
		90079EBB293E780A00F0C5AB /* MachPortsServer */ = {isa = PBXFileReference; explicitFileType = "compiled.mach-o.executable"; includeInIndex = 0; path = MachPortsServer; sourceTree = BUILT_PRODUCTS_DIR; };
		90079EBE293E780A00F0C5AB /* main.m */ = {isa = PBXFileReference; lastKnownFileType = sourcecode.c.objc; path = main.m; sourceTree = "<group>"; };
		90079EC5293E786B00F0C5AB /* MachPortsServer.h */ = {isa = PBXFileReference; lastKnownFileType = sourcecode.c.h; path = MachPortsServer.h; sourceTree = "<group>"; };
		90079EC6293E786B00F0C5AB /* MachPortsServer.m */ = {isa = PBXFileReference; lastKnownFileType = sourcecode.c.objc; path = MachPortsServer.m; sourceTree = "<group>"; };
		9007A01A293FA62E00F0C5AB /* DataManager.h */ = {isa = PBXFileReference; lastKnownFileType = sourcecode.c.h; path = DataManager.h; sourceTree = "<group>"; };
		9007A01B293FA62E00F0C5AB /* DataManager.m */ = {isa = PBXFileReference; lastKnownFileType = sourcecode.c.objc; path = DataManager.m; sourceTree = "<group>"; };
		9007A0232940F92800F0C5AB /* UnitTestLogicComponents.xctest */ = {isa = PBXFileReference; explicitFileType = wrapper.cfbundle; includeInIndex = 0; path = UnitTestLogicComponents.xctest; sourceTree = BUILT_PRODUCTS_DIR; };
		9007A0252940F92900F0C5AB /* UnitTestLogicComponents.m */ = {isa = PBXFileReference; lastKnownFileType = sourcecode.c.objc; path = UnitTestLogicComponents.m; sourceTree = "<group>"; };
		9007A02B2940FE4500F0C5AB /* MessageHandler.h */ = {isa = PBXFileReference; lastKnownFileType = sourcecode.c.h; path = MessageHandler.h; sourceTree = "<group>"; };
		9007A02C2940FE4500F0C5AB /* MessageHandler.m */ = {isa = PBXFileReference; lastKnownFileType = sourcecode.c.objc; path = MessageHandler.m; sourceTree = "<group>"; };
		9007A03629413A3000F0C5AB /* ServiceManager.h */ = {isa = PBXFileReference; lastKnownFileType = sourcecode.c.h; path = ServiceManager.h; sourceTree = "<group>"; };
		9007A03729413A3000F0C5AB /* ServiceManager.m */ = {isa = PBXFileReference; lastKnownFileType = sourcecode.c.objc; path = ServiceManager.m; sourceTree = "<group>"; };
		9007A0392941420000F0C5AB /* Correspondent.h */ = {isa = PBXFileReference; lastKnownFileType = sourcecode.c.h; path = Correspondent.h; sourceTree = "<group>"; };
		9007A03A2941420000F0C5AB /* Correspondent.m */ = {isa = PBXFileReference; lastKnownFileType = sourcecode.c.objc; path = Correspondent.m; sourceTree = "<group>"; };
		9007A03E294284C400F0C5AB /* ValidationHandler.h */ = {isa = PBXFileReference; lastKnownFileType = sourcecode.c.h; path = ValidationHandler.h; sourceTree = "<group>"; };
		9007A03F294284C400F0C5AB /* ValidationHandler.m */ = {isa = PBXFileReference; lastKnownFileType = sourcecode.c.objc; path = ValidationHandler.m; sourceTree = "<group>"; };
		9007A041294289ED00F0C5AB /* definitions.h */ = {isa = PBXFileReference; lastKnownFileType = sourcecode.c.h; path = definitions.h; sourceTree = "<group>"; };
		90D1DE092943F6FF00F92CF0 /* MachServer.h */ = {isa = PBXFileReference; lastKnownFileType = sourcecode.c.h; path = MachServer.h; sourceTree = "<group>"; };
		90D1DE0A2943F6FF00F92CF0 /* MachServer.m */ = {isa = PBXFileReference; lastKnownFileType = sourcecode.c.objc; path = MachServer.m; sourceTree = "<group>"; };
		90D1DE0E2943F76A00F92CF0 /* MachClient.h */ = {isa = PBXFileReference; lastKnownFileType = sourcecode.c.h; path = MachClient.h; sourceTree = "<group>"; };
		90D1DE0F2943F76A00F92CF0 /* MachClient.m */ = {isa = PBXFileReference; lastKnownFileType = sourcecode.c.objc; path = MachClient.m; sourceTree = "<group>"; };
		90D1DE1229441E5B00F92CF0 /* PortHandler.h */ = {isa = PBXFileReference; lastKnownFileType = sourcecode.c.h; path = PortHandler.h; sourceTree = "<group>"; };
		90D1DE1329441E5B00F92CF0 /* PortHandler.m */ = {isa = PBXFileReference; lastKnownFileType = sourcecode.c.objc; path = PortHandler.m; sourceTree = "<group>"; };
		90D1DE172944B6B500F92CF0 /* NSMutableDictionaryWrapper.h */ = {isa = PBXFileReference; lastKnownFileType = sourcecode.c.h; path = NSMutableDictionaryWrapper.h; sourceTree = "<group>"; };
		90D1DE182944B6B500F92CF0 /* NSMutableDictionaryWrapper.m */ = {isa = PBXFileReference; lastKnownFileType = sourcecode.c.objc; path = NSMutableDictionaryWrapper.m; sourceTree = "<group>"; };
/* End PBXFileReference section */

/* Begin PBXFrameworksBuildPhase section */
		90079EB8293E780A00F0C5AB /* Frameworks */ = {
			isa = PBXFrameworksBuildPhase;
			buildActionMask = 2147483647;
			files = (
			);
			runOnlyForDeploymentPostprocessing = 0;
		};
		9007A0202940F92800F0C5AB /* Frameworks */ = {
			isa = PBXFrameworksBuildPhase;
			buildActionMask = 2147483647;
			files = (
			);
			runOnlyForDeploymentPostprocessing = 0;
		};
/* End PBXFrameworksBuildPhase section */

/* Begin PBXGroup section */
		90079EB2293E780A00F0C5AB = {
			isa = PBXGroup;
			children = (
				9007A03C2942846400F0C5AB /* OnHold */,
				9007A041294289ED00F0C5AB /* definitions.h */,
				90079EBE293E780A00F0C5AB /* main.m */,
				90D1DE072943F63300F92CF0 /* Logic */,
				9007A0242940F92900F0C5AB /* UnitTests */,
				90079EBC293E780A00F0C5AB /* Products */,
			);
			sourceTree = "<group>";
		};
		90079EBC293E780A00F0C5AB /* Products */ = {
			isa = PBXGroup;
			children = (
				90079EBB293E780A00F0C5AB /* MachPortsServer */,
				9007A0232940F92800F0C5AB /* UnitTestLogicComponents.xctest */,
			);
			name = Products;
			sourceTree = "<group>";
		};
		90079EBD293E780A00F0C5AB /* MachPortsServer */ = {
			isa = PBXGroup;
			children = (
				90079EC5293E786B00F0C5AB /* MachPortsServer.h */,
				90079EC6293E786B00F0C5AB /* MachPortsServer.m */,
			);
			path = MachPortsServer;
			sourceTree = "<group>";
		};
		9007A013293F92BE00F0C5AB /* DataManager */ = {
			isa = PBXGroup;
			children = (
				9007A01A293FA62E00F0C5AB /* DataManager.h */,
				9007A01B293FA62E00F0C5AB /* DataManager.m */,
			);
			path = DataManager;
			sourceTree = "<group>";
		};
		9007A019293FA60B00F0C5AB /* Correspondent */ = {
			isa = PBXGroup;
			children = (
				9007A0392941420000F0C5AB /* Correspondent.h */,
				9007A03A2941420000F0C5AB /* Correspondent.m */,
			);
			path = Correspondent;
			sourceTree = "<group>";
		};
		9007A0242940F92900F0C5AB /* UnitTests */ = {
			isa = PBXGroup;
			children = (
				9007A0252940F92900F0C5AB /* UnitTestLogicComponents.m */,
			);
			path = UnitTests;
			sourceTree = "<group>";
		};
		9007A02A2940FDD500F0C5AB /* MessageHandler */ = {
			isa = PBXGroup;
			children = (
				9007A02B2940FE4500F0C5AB /* MessageHandler.h */,
				9007A02C2940FE4500F0C5AB /* MessageHandler.m */,
			);
			path = MessageHandler;
			sourceTree = "<group>";
		};
		9007A0342941263E00F0C5AB /* Components */ = {
			isa = PBXGroup;
			children = (
				90D1DE1A2944C66F00F92CF0 /* Categories */,
				90D1DE162944B68600F92CF0 /* Database */,
				90D1DE1129441E4000F92CF0 /* PortHandler */,
				9007A03D2942849000F0C5AB /* ValidationHandler */,
				9007A013293F92BE00F0C5AB /* DataManager */,
				9007A02A2940FDD500F0C5AB /* MessageHandler */,
			);
			path = Components;
			sourceTree = "<group>";
		};
		9007A035294139D700F0C5AB /* ServiceManager */ = {
			isa = PBXGroup;
			children = (
				9007A03629413A3000F0C5AB /* ServiceManager.h */,
				9007A03729413A3000F0C5AB /* ServiceManager.m */,
			);
			path = ServiceManager;
			sourceTree = "<group>";
		};
		9007A03C2942846400F0C5AB /* OnHold */ = {
			isa = PBXGroup;
			children = (
				90079EBD293E780A00F0C5AB /* MachPortsServer */,
				9007A035294139D700F0C5AB /* ServiceManager */,
			);
			path = OnHold;
			sourceTree = "<group>";
		};
		9007A03D2942849000F0C5AB /* ValidationHandler */ = {
			isa = PBXGroup;
			children = (
				9007A03E294284C400F0C5AB /* ValidationHandler.h */,
				9007A03F294284C400F0C5AB /* ValidationHandler.m */,
			);
			path = ValidationHandler;
			sourceTree = "<group>";
		};
		90D1DE072943F63300F92CF0 /* Logic */ = {
			isa = PBXGroup;
			children = (
				9007A019293FA60B00F0C5AB /* Correspondent */,
				9007A0342941263E00F0C5AB /* Components */,
				90D1DE082943F65900F92CF0 /* Participants */,
			);
			path = Logic;
			sourceTree = "<group>";
		};
		90D1DE082943F65900F92CF0 /* Participants */ = {
			isa = PBXGroup;
			children = (
				90D1DE0C2943F70700F92CF0 /* Server */,
				90D1DE0D2943F72400F92CF0 /* Client */,
			);
			path = Participants;
			sourceTree = "<group>";
		};
		90D1DE0C2943F70700F92CF0 /* Server */ = {
			isa = PBXGroup;
			children = (
				90D1DE092943F6FF00F92CF0 /* MachServer.h */,
				90D1DE0A2943F6FF00F92CF0 /* MachServer.m */,
			);
			path = Server;
			sourceTree = "<group>";
		};
		90D1DE0D2943F72400F92CF0 /* Client */ = {
			isa = PBXGroup;
			children = (
				90D1DE0E2943F76A00F92CF0 /* MachClient.h */,
				90D1DE0F2943F76A00F92CF0 /* MachClient.m */,
			);
			path = Client;
			sourceTree = "<group>";
		};
		90D1DE1129441E4000F92CF0 /* PortHandler */ = {
			isa = PBXGroup;
			children = (
				90D1DE1229441E5B00F92CF0 /* PortHandler.h */,
				90D1DE1329441E5B00F92CF0 /* PortHandler.m */,
			);
			path = PortHandler;
			sourceTree = "<group>";
		};
		90D1DE162944B68600F92CF0 /* Database */ = {
			isa = PBXGroup;
			children = (
				90D1DE172944B6B500F92CF0 /* NSMutableDictionaryWrapper.h */,
				90D1DE182944B6B500F92CF0 /* NSMutableDictionaryWrapper.m */,
			);
			path = Database;
			sourceTree = "<group>";
		};
		90D1DE1A2944C66F00F92CF0 /* Categories */ = {
			isa = PBXGroup;
			children = (
			);
			path = Categories;
			sourceTree = "<group>";
		};
/* End PBXGroup section */

/* Begin PBXNativeTarget section */
		90079EBA293E780A00F0C5AB /* MachPortsServer */ = {
			isa = PBXNativeTarget;
			buildConfigurationList = 90079EC2293E780A00F0C5AB /* Build configuration list for PBXNativeTarget "MachPortsServer" */;
			buildPhases = (
				90079EB7293E780A00F0C5AB /* Sources */,
				90079EB8293E780A00F0C5AB /* Frameworks */,
				90079EB9293E780A00F0C5AB /* CopyFiles */,
			);
			buildRules = (
			);
			dependencies = (
			);
			name = MachPortsServer;
			productName = MachPortsServer;
			productReference = 90079EBB293E780A00F0C5AB /* MachPortsServer */;
			productType = "com.apple.product-type.tool";
		};
		9007A0222940F92800F0C5AB /* UnitTestLogicComponents */ = {
			isa = PBXNativeTarget;
			buildConfigurationList = 9007A0272940F92900F0C5AB /* Build configuration list for PBXNativeTarget "UnitTestLogicComponents" */;
			buildPhases = (
				9007A01F2940F92800F0C5AB /* Sources */,
				9007A0202940F92800F0C5AB /* Frameworks */,
				9007A0212940F92800F0C5AB /* Resources */,
			);
			buildRules = (
			);
			dependencies = (
			);
			name = UnitTestLogicComponents;
			productName = UnitTests;
			productReference = 9007A0232940F92800F0C5AB /* UnitTestLogicComponents.xctest */;
			productType = "com.apple.product-type.bundle.unit-test";
		};
/* End PBXNativeTarget section */

/* Begin PBXProject section */
		90079EB3293E780A00F0C5AB /* Project object */ = {
			isa = PBXProject;
			attributes = {
				BuildIndependentTargetsInParallel = 1;
				LastUpgradeCheck = 1410;
				TargetAttributes = {
					90079EBA293E780A00F0C5AB = {
						CreatedOnToolsVersion = 14.1;
					};
					9007A0222940F92800F0C5AB = {
						CreatedOnToolsVersion = 14.1;
					};
				};
			};
			buildConfigurationList = 90079EB6293E780A00F0C5AB /* Build configuration list for PBXProject "MachPortsServer" */;
			compatibilityVersion = "Xcode 14.0";
			developmentRegion = en;
			hasScannedForEncodings = 0;
			knownRegions = (
				en,
				Base,
			);
			mainGroup = 90079EB2293E780A00F0C5AB;
			productRefGroup = 90079EBC293E780A00F0C5AB /* Products */;
			projectDirPath = "";
			projectRoot = "";
			targets = (
				90079EBA293E780A00F0C5AB /* MachPortsServer */,
				9007A0222940F92800F0C5AB /* UnitTestLogicComponents */,
			);
		};
/* End PBXProject section */

/* Begin PBXResourcesBuildPhase section */
		9007A0212940F92800F0C5AB /* Resources */ = {
			isa = PBXResourcesBuildPhase;
			buildActionMask = 2147483647;
			files = (
			);
			runOnlyForDeploymentPostprocessing = 0;
		};
/* End PBXResourcesBuildPhase section */

/* Begin PBXSourcesBuildPhase section */
		90079EB7293E780A00F0C5AB /* Sources */ = {
			isa = PBXSourcesBuildPhase;
			buildActionMask = 2147483647;
			files = (
				90079EC7293E786B00F0C5AB /* MachPortsServer.m in Sources */,
				90D1DE1429441E5B00F92CF0 /* PortHandler.m in Sources */,
				9007A01C293FA62E00F0C5AB /* DataManager.m in Sources */,
				9007A03829413A3000F0C5AB /* ServiceManager.m in Sources */,
				9007A02D2940FE4500F0C5AB /* MessageHandler.m in Sources */,
				90079EBF293E780A00F0C5AB /* main.m in Sources */,
				90D1DE192944B6B600F92CF0 /* NSMutableDictionaryWrapper.m in Sources */,
				9007A040294284C400F0C5AB /* ValidationHandler.m in Sources */,
				90D1DE102943F76A00F92CF0 /* MachClient.m in Sources */,
				9007A03B2941420000F0C5AB /* Correspondent.m in Sources */,
				90D1DE0B2943F6FF00F92CF0 /* MachServer.m in Sources */,
			);
			runOnlyForDeploymentPostprocessing = 0;
		};
		9007A01F2940F92800F0C5AB /* Sources */ = {
			isa = PBXSourcesBuildPhase;
			buildActionMask = 2147483647;
			files = (
				90D1DE1B2944CEA200F92CF0 /* NSMutableDictionaryWrapper.m in Sources */,
				90D1DE1529441F9D00F92CF0 /* PortHandler.m in Sources */,
				9007A0422942955F00F0C5AB /* ValidationHandler.m in Sources */,
				9007A033294103BE00F0C5AB /* DataManager.m in Sources */,
				9007A032294103BB00F0C5AB /* MessageHandler.m in Sources */,
				9007A0262940F92900F0C5AB /* UnitTestLogicComponents.m in Sources */,
			);
			runOnlyForDeploymentPostprocessing = 0;
		};
/* End PBXSourcesBuildPhase section */

/* Begin XCBuildConfiguration section */
		90079EC0293E780A00F0C5AB /* Debug */ = {
			isa = XCBuildConfiguration;
			buildSettings = {
				ALWAYS_SEARCH_USER_PATHS = NO;
				CLANG_ANALYZER_NONNULL = YES;
				CLANG_ANALYZER_NUMBER_OBJECT_CONVERSION = YES_AGGRESSIVE;
				CLANG_CXX_LANGUAGE_STANDARD = "gnu++20";
				CLANG_ENABLE_MODULES = YES;
				CLANG_ENABLE_OBJC_ARC = YES;
				CLANG_ENABLE_OBJC_WEAK = YES;
				CLANG_WARN_BLOCK_CAPTURE_AUTORELEASING = YES;
				CLANG_WARN_BOOL_CONVERSION = YES;
				CLANG_WARN_COMMA = YES;
				CLANG_WARN_CONSTANT_CONVERSION = YES;
				CLANG_WARN_DEPRECATED_OBJC_IMPLEMENTATIONS = YES;
				CLANG_WARN_DIRECT_OBJC_ISA_USAGE = YES_ERROR;
				CLANG_WARN_DOCUMENTATION_COMMENTS = YES;
				CLANG_WARN_EMPTY_BODY = YES;
				CLANG_WARN_ENUM_CONVERSION = YES;
				CLANG_WARN_INFINITE_RECURSION = YES;
				CLANG_WARN_INT_CONVERSION = YES;
				CLANG_WARN_NON_LITERAL_NULL_CONVERSION = YES;
				CLANG_WARN_OBJC_IMPLICIT_RETAIN_SELF = YES;
				CLANG_WARN_OBJC_LITERAL_CONVERSION = YES;
				CLANG_WARN_OBJC_ROOT_CLASS = YES_ERROR;
				CLANG_WARN_QUOTED_INCLUDE_IN_FRAMEWORK_HEADER = YES;
				CLANG_WARN_RANGE_LOOP_ANALYSIS = YES;
				CLANG_WARN_STRICT_PROTOTYPES = YES;
				CLANG_WARN_SUSPICIOUS_MOVE = YES;
				CLANG_WARN_UNGUARDED_AVAILABILITY = YES_AGGRESSIVE;
				CLANG_WARN_UNREACHABLE_CODE = YES;
				CLANG_WARN__DUPLICATE_METHOD_MATCH = YES;
				COPY_PHASE_STRIP = NO;
				DEBUG_INFORMATION_FORMAT = dwarf;
				ENABLE_STRICT_OBJC_MSGSEND = YES;
				ENABLE_TESTABILITY = YES;
				GCC_C_LANGUAGE_STANDARD = gnu11;
				GCC_DYNAMIC_NO_PIC = NO;
				GCC_NO_COMMON_BLOCKS = YES;
				GCC_OPTIMIZATION_LEVEL = 0;
				GCC_PREPROCESSOR_DEFINITIONS = (
					"DEBUG=1",
					"$(inherited)",
				);
				GCC_WARN_64_TO_32_BIT_CONVERSION = YES;
				GCC_WARN_ABOUT_RETURN_TYPE = YES_ERROR;
				GCC_WARN_UNDECLARED_SELECTOR = YES;
				GCC_WARN_UNINITIALIZED_AUTOS = YES_AGGRESSIVE;
				GCC_WARN_UNUSED_FUNCTION = YES;
				GCC_WARN_UNUSED_VARIABLE = YES;
				MACOSX_DEPLOYMENT_TARGET = 12.6;
				MTL_ENABLE_DEBUG_INFO = INCLUDE_SOURCE;
				MTL_FAST_MATH = YES;
				ONLY_ACTIVE_ARCH = YES;
				SDKROOT = macosx;
			};
			name = Debug;
		};
		90079EC1293E780A00F0C5AB /* Release */ = {
			isa = XCBuildConfiguration;
			buildSettings = {
				ALWAYS_SEARCH_USER_PATHS = NO;
				CLANG_ANALYZER_NONNULL = YES;
				CLANG_ANALYZER_NUMBER_OBJECT_CONVERSION = YES_AGGRESSIVE;
				CLANG_CXX_LANGUAGE_STANDARD = "gnu++20";
				CLANG_ENABLE_MODULES = YES;
				CLANG_ENABLE_OBJC_ARC = YES;
				CLANG_ENABLE_OBJC_WEAK = YES;
				CLANG_WARN_BLOCK_CAPTURE_AUTORELEASING = YES;
				CLANG_WARN_BOOL_CONVERSION = YES;
				CLANG_WARN_COMMA = YES;
				CLANG_WARN_CONSTANT_CONVERSION = YES;
				CLANG_WARN_DEPRECATED_OBJC_IMPLEMENTATIONS = YES;
				CLANG_WARN_DIRECT_OBJC_ISA_USAGE = YES_ERROR;
				CLANG_WARN_DOCUMENTATION_COMMENTS = YES;
				CLANG_WARN_EMPTY_BODY = YES;
				CLANG_WARN_ENUM_CONVERSION = YES;
				CLANG_WARN_INFINITE_RECURSION = YES;
				CLANG_WARN_INT_CONVERSION = YES;
				CLANG_WARN_NON_LITERAL_NULL_CONVERSION = YES;
				CLANG_WARN_OBJC_IMPLICIT_RETAIN_SELF = YES;
				CLANG_WARN_OBJC_LITERAL_CONVERSION = YES;
				CLANG_WARN_OBJC_ROOT_CLASS = YES_ERROR;
				CLANG_WARN_QUOTED_INCLUDE_IN_FRAMEWORK_HEADER = YES;
				CLANG_WARN_RANGE_LOOP_ANALYSIS = YES;
				CLANG_WARN_STRICT_PROTOTYPES = YES;
				CLANG_WARN_SUSPICIOUS_MOVE = YES;
				CLANG_WARN_UNGUARDED_AVAILABILITY = YES_AGGRESSIVE;
				CLANG_WARN_UNREACHABLE_CODE = YES;
				CLANG_WARN__DUPLICATE_METHOD_MATCH = YES;
				COPY_PHASE_STRIP = NO;
				DEBUG_INFORMATION_FORMAT = "dwarf-with-dsym";
				ENABLE_NS_ASSERTIONS = NO;
				ENABLE_STRICT_OBJC_MSGSEND = YES;
				GCC_C_LANGUAGE_STANDARD = gnu11;
				GCC_NO_COMMON_BLOCKS = YES;
				GCC_WARN_64_TO_32_BIT_CONVERSION = YES;
				GCC_WARN_ABOUT_RETURN_TYPE = YES_ERROR;
				GCC_WARN_UNDECLARED_SELECTOR = YES;
				GCC_WARN_UNINITIALIZED_AUTOS = YES_AGGRESSIVE;
				GCC_WARN_UNUSED_FUNCTION = YES;
				GCC_WARN_UNUSED_VARIABLE = YES;
				MACOSX_DEPLOYMENT_TARGET = 12.6;
				MTL_ENABLE_DEBUG_INFO = NO;
				MTL_FAST_MATH = YES;
				SDKROOT = macosx;
			};
			name = Release;
		};
		90079EC3293E780A00F0C5AB /* Debug */ = {
			isa = XCBuildConfiguration;
			buildSettings = {
				CODE_SIGN_STYLE = Automatic;
				PRODUCT_NAME = "$(TARGET_NAME)";
			};
			name = Debug;
		};
		90079EC4293E780A00F0C5AB /* Release */ = {
			isa = XCBuildConfiguration;
			buildSettings = {
				CODE_SIGN_STYLE = Automatic;
				PRODUCT_NAME = "$(TARGET_NAME)";
			};
			name = Release;
		};
		9007A0282940F92900F0C5AB /* Debug */ = {
			isa = XCBuildConfiguration;
			buildSettings = {
				CODE_SIGN_STYLE = Automatic;
				CURRENT_PROJECT_VERSION = 1;
				GENERATE_INFOPLIST_FILE = YES;
				MARKETING_VERSION = 1.0;
				PRODUCT_BUNDLE_IDENTIFIER = matan.UnitTests;
				PRODUCT_NAME = "$(TARGET_NAME)";
				SWIFT_EMIT_LOC_STRINGS = NO;
			};
			name = Debug;
		};
		9007A0292940F92900F0C5AB /* Release */ = {
			isa = XCBuildConfiguration;
			buildSettings = {
				CODE_SIGN_STYLE = Automatic;
				CURRENT_PROJECT_VERSION = 1;
				GENERATE_INFOPLIST_FILE = YES;
				MARKETING_VERSION = 1.0;
				PRODUCT_BUNDLE_IDENTIFIER = matan.UnitTests;
				PRODUCT_NAME = "$(TARGET_NAME)";
				SWIFT_EMIT_LOC_STRINGS = NO;
			};
			name = Release;
		};
/* End XCBuildConfiguration section */

/* Begin XCConfigurationList section */
		90079EB6293E780A00F0C5AB /* Build configuration list for PBXProject "MachPortsServer" */ = {
			isa = XCConfigurationList;
			buildConfigurations = (
				90079EC0293E780A00F0C5AB /* Debug */,
				90079EC1293E780A00F0C5AB /* Release */,
			);
			defaultConfigurationIsVisible = 0;
			defaultConfigurationName = Release;
		};
		90079EC2293E780A00F0C5AB /* Build configuration list for PBXNativeTarget "MachPortsServer" */ = {
			isa = XCConfigurationList;
			buildConfigurations = (
				90079EC3293E780A00F0C5AB /* Debug */,
				90079EC4293E780A00F0C5AB /* Release */,
			);
			defaultConfigurationIsVisible = 0;
			defaultConfigurationName = Release;
		};
		9007A0272940F92900F0C5AB /* Build configuration list for PBXNativeTarget "UnitTestLogicComponents" */ = {
			isa = XCConfigurationList;
			buildConfigurations = (
				9007A0282940F92900F0C5AB /* Debug */,
				9007A0292940F92900F0C5AB /* Release */,
			);
			defaultConfigurationIsVisible = 0;
			defaultConfigurationName = Release;
		};
/* End XCConfigurationList section */
	};
	rootObject = 90079EB3293E780A00F0C5AB /* Project object */;
}
